// !$*UTF8*$!
{
	archiveVersion = 1;
	classes = {
	};
	objectVersion = 46;
	objects = {

/* Begin PBXBuildFile section */
		1D3623260D0F684500981E51 /* ZSImageViewAppDelegate.m in Sources */ = {isa = PBXBuildFile; fileRef = 1D3623250D0F684500981E51 /* ZSImageViewAppDelegate.m */; };
		1D60589B0D05DD56006BFB54 /* main.m in Sources */ = {isa = PBXBuildFile; fileRef = 29B97316FDCFA39411CA2CEA /* main.m */; };
		1D60589F0D05DD5A006BFB54 /* Foundation.framework in Frameworks */ = {isa = PBXBuildFile; fileRef = 1D30AB110D05D00D00671497 /* Foundation.framework */; };
		1DF5F4E00D08C38300B7A737 /* UIKit.framework in Frameworks */ = {isa = PBXBuildFile; fileRef = 1DF5F4DF0D08C38300B7A737 /* UIKit.framework */; };
		234DD7771415A13100319124 /* Border.m in Sources */ = {isa = PBXBuildFile; fileRef = 234DD7761415A13100319124 /* Border.m */; };
		234DD7A61415A90F00319124 /* BorderRounded.m in Sources */ = {isa = PBXBuildFile; fileRef = 234DD7A51415A90F00319124 /* BorderRounded.m */; };
		2399274C1413BE63007FEE36 /* Rounded.m in Sources */ = {isa = PBXBuildFile; fileRef = 2399274B1413BE63007FEE36 /* Rounded.m */; };
		23D00E9B1405EF94002CFD00 /* QuartzCore.framework in Frameworks */ = {isa = PBXBuildFile; fileRef = 23D00E9A1405EF94002CFD00 /* QuartzCore.framework */; };
		23DDF0B714081F8D004790D4 /* TableViewStandard.m in Sources */ = {isa = PBXBuildFile; fileRef = 23DDF0B614081F8D004790D4 /* TableViewStandard.m */; };
		23DDF0BB14081FED004790D4 /* Item.m in Sources */ = {isa = PBXBuildFile; fileRef = 23DDF0BA14081FED004790D4 /* Item.m */; };
		23DDF0C814082219004790D4 /* TableViewGrouped.m in Sources */ = {isa = PBXBuildFile; fileRef = 23DDF0C714082219004790D4 /* TableViewGrouped.m */; };
		23DDF12414082456004790D4 /* no-image@2x.png in Resources */ = {isa = PBXBuildFile; fileRef = 23DDF12214082456004790D4 /* no-image@2x.png */; };
		23DDF12514082456004790D4 /* no-image.png in Resources */ = {isa = PBXBuildFile; fileRef = 23DDF12314082456004790D4 /* no-image.png */; };
		23DDF15C14082AA2004790D4 /* Simple.m in Sources */ = {isa = PBXBuildFile; fileRef = 23DDF15B14082AA2004790D4 /* Simple.m */; };
		2892E4100DC94CBA00A64D0F /* CoreGraphics.framework in Frameworks */ = {isa = PBXBuildFile; fileRef = 2892E40F0DC94CBA00A64D0F /* CoreGraphics.framework */; };
		28AD73600D9D9599002E5188 /* MainWindow.xib in Resources */ = {isa = PBXBuildFile; fileRef = 28AD735F0D9D9599002E5188 /* MainWindow.xib */; };
		28C286E10D94DF7D0034E888 /* RootViewController.m in Sources */ = {isa = PBXBuildFile; fileRef = 28C286E00D94DF7D0034E888 /* RootViewController.m */; };
		28F335F11007B36200424DE2 /* RootViewController.xib in Resources */ = {isa = PBXBuildFile; fileRef = 28F335F01007B36200424DE2 /* RootViewController.xib */; };
		45F193DD14166F46009BAC65 /* JMImageCache.m in Sources */ = {isa = PBXBuildFile; fileRef = 45F193D814166F46009BAC65 /* JMImageCache.m */; };
		45F193DE14166F46009BAC65 /* ZSImageView.m in Sources */ = {isa = PBXBuildFile; fileRef = 45F193DA14166F46009BAC65 /* ZSImageView.m */; };
		45F193DF14166F46009BAC65 /* ZSLineView.m in Sources */ = {isa = PBXBuildFile; fileRef = 45F193DC14166F46009BAC65 /* ZSLineView.m */; };
/* End PBXBuildFile section */

/* Begin PBXFileReference section */
		1D30AB110D05D00D00671497 /* Foundation.framework */ = {isa = PBXFileReference; lastKnownFileType = wrapper.framework; name = Foundation.framework; path = System/Library/Frameworks/Foundation.framework; sourceTree = SDKROOT; };
		1D3623240D0F684500981E51 /* ZSImageViewAppDelegate.h */ = {isa = PBXFileReference; fileEncoding = 4; lastKnownFileType = sourcecode.c.h; path = ZSImageViewAppDelegate.h; sourceTree = "<group>"; };
		1D3623250D0F684500981E51 /* ZSImageViewAppDelegate.m */ = {isa = PBXFileReference; fileEncoding = 4; lastKnownFileType = sourcecode.c.objc; path = ZSImageViewAppDelegate.m; sourceTree = "<group>"; };
		1D6058910D05DD3D006BFB54 /* ZSImageView.app */ = {isa = PBXFileReference; explicitFileType = wrapper.application; includeInIndex = 0; path = ZSImageView.app; sourceTree = BUILT_PRODUCTS_DIR; };
		1DF5F4DF0D08C38300B7A737 /* UIKit.framework */ = {isa = PBXFileReference; lastKnownFileType = wrapper.framework; name = UIKit.framework; path = System/Library/Frameworks/UIKit.framework; sourceTree = SDKROOT; };
		234DD7751415A13100319124 /* Border.h */ = {isa = PBXFileReference; fileEncoding = 4; lastKnownFileType = sourcecode.c.h; path = Border.h; sourceTree = "<group>"; };
		234DD7761415A13100319124 /* Border.m */ = {isa = PBXFileReference; fileEncoding = 4; lastKnownFileType = sourcecode.c.objc; path = Border.m; sourceTree = "<group>"; };
		234DD7A41415A90F00319124 /* BorderRounded.h */ = {isa = PBXFileReference; fileEncoding = 4; lastKnownFileType = sourcecode.c.h; path = BorderRounded.h; sourceTree = "<group>"; };
		234DD7A51415A90F00319124 /* BorderRounded.m */ = {isa = PBXFileReference; fileEncoding = 4; lastKnownFileType = sourcecode.c.objc; path = BorderRounded.m; sourceTree = "<group>"; };
		2399274A1413BE63007FEE36 /* Rounded.h */ = {isa = PBXFileReference; fileEncoding = 4; lastKnownFileType = sourcecode.c.h; path = Rounded.h; sourceTree = "<group>"; };
		2399274B1413BE63007FEE36 /* Rounded.m */ = {isa = PBXFileReference; fileEncoding = 4; lastKnownFileType = sourcecode.c.objc; path = Rounded.m; sourceTree = "<group>"; };
		23D00E9A1405EF94002CFD00 /* QuartzCore.framework */ = {isa = PBXFileReference; lastKnownFileType = wrapper.framework; name = QuartzCore.framework; path = System/Library/Frameworks/QuartzCore.framework; sourceTree = SDKROOT; };
		23DDF0B514081F8D004790D4 /* TableViewStandard.h */ = {isa = PBXFileReference; fileEncoding = 4; lastKnownFileType = sourcecode.c.h; path = TableViewStandard.h; sourceTree = "<group>"; };
		23DDF0B614081F8D004790D4 /* TableViewStandard.m */ = {isa = PBXFileReference; fileEncoding = 4; lastKnownFileType = sourcecode.c.objc; path = TableViewStandard.m; sourceTree = "<group>"; };
		23DDF0B914081FED004790D4 /* Item.h */ = {isa = PBXFileReference; fileEncoding = 4; lastKnownFileType = sourcecode.c.h; path = Item.h; sourceTree = "<group>"; };
		23DDF0BA14081FED004790D4 /* Item.m */ = {isa = PBXFileReference; fileEncoding = 4; lastKnownFileType = sourcecode.c.objc; path = Item.m; sourceTree = "<group>"; };
		23DDF0C614082219004790D4 /* TableViewGrouped.h */ = {isa = PBXFileReference; fileEncoding = 4; lastKnownFileType = sourcecode.c.h; path = TableViewGrouped.h; sourceTree = "<group>"; };
		23DDF0C714082219004790D4 /* TableViewGrouped.m */ = {isa = PBXFileReference; fileEncoding = 4; lastKnownFileType = sourcecode.c.objc; path = TableViewGrouped.m; sourceTree = "<group>"; };
		23DDF12214082456004790D4 /* no-image@2x.png */ = {isa = PBXFileReference; lastKnownFileType = image.png; path = "no-image@2x.png"; sourceTree = "<group>"; };
		23DDF12314082456004790D4 /* no-image.png */ = {isa = PBXFileReference; lastKnownFileType = image.png; path = "no-image.png"; sourceTree = "<group>"; };
		23DDF15A14082AA2004790D4 /* Simple.h */ = {isa = PBXFileReference; fileEncoding = 4; lastKnownFileType = sourcecode.c.h; path = Simple.h; sourceTree = "<group>"; };
		23DDF15B14082AA2004790D4 /* Simple.m */ = {isa = PBXFileReference; fileEncoding = 4; lastKnownFileType = sourcecode.c.objc; path = Simple.m; sourceTree = "<group>"; };
		2892E40F0DC94CBA00A64D0F /* CoreGraphics.framework */ = {isa = PBXFileReference; lastKnownFileType = wrapper.framework; name = CoreGraphics.framework; path = System/Library/Frameworks/CoreGraphics.framework; sourceTree = SDKROOT; };
		28A0AAE50D9B0CCF005BE974 /* ZSImageView_Prefix.pch */ = {isa = PBXFileReference; fileEncoding = 4; lastKnownFileType = sourcecode.c.h; path = ZSImageView_Prefix.pch; sourceTree = "<group>"; };
		28AD735F0D9D9599002E5188 /* MainWindow.xib */ = {isa = PBXFileReference; lastKnownFileType = file.xib; path = MainWindow.xib; sourceTree = "<group>"; };
		28C286DF0D94DF7D0034E888 /* RootViewController.h */ = {isa = PBXFileReference; fileEncoding = 4; lastKnownFileType = sourcecode.c.h; path = RootViewController.h; sourceTree = "<group>"; };
		28C286E00D94DF7D0034E888 /* RootViewController.m */ = {isa = PBXFileReference; fileEncoding = 4; lastKnownFileType = sourcecode.c.objc; path = RootViewController.m; sourceTree = "<group>"; };
		28F335F01007B36200424DE2 /* RootViewController.xib */ = {isa = PBXFileReference; lastKnownFileType = file.xib; path = RootViewController.xib; sourceTree = "<group>"; };
		29B97316FDCFA39411CA2CEA /* main.m */ = {isa = PBXFileReference; fileEncoding = 4; lastKnownFileType = sourcecode.c.objc; path = main.m; sourceTree = "<group>"; };
		45F193D714166F46009BAC65 /* JMImageCache.h */ = {isa = PBXFileReference; fileEncoding = 4; lastKnownFileType = sourcecode.c.h; name = JMImageCache.h; path = Classes/JMImageCache.h; sourceTree = "<group>"; };
		45F193D814166F46009BAC65 /* JMImageCache.m */ = {isa = PBXFileReference; fileEncoding = 4; lastKnownFileType = sourcecode.c.objc; name = JMImageCache.m; path = Classes/JMImageCache.m; sourceTree = "<group>"; };
		45F193D914166F46009BAC65 /* ZSImageView.h */ = {isa = PBXFileReference; fileEncoding = 4; lastKnownFileType = sourcecode.c.h; name = ZSImageView.h; path = Classes/ZSImageView.h; sourceTree = "<group>"; };
		45F193DA14166F46009BAC65 /* ZSImageView.m */ = {isa = PBXFileReference; fileEncoding = 4; lastKnownFileType = sourcecode.c.objc; name = ZSImageView.m; path = Classes/ZSImageView.m; sourceTree = "<group>"; };
		45F193DB14166F46009BAC65 /* ZSLineView.h */ = {isa = PBXFileReference; fileEncoding = 4; lastKnownFileType = sourcecode.c.h; name = ZSLineView.h; path = Classes/ZSLineView.h; sourceTree = "<group>"; };
		45F193DC14166F46009BAC65 /* ZSLineView.m */ = {isa = PBXFileReference; fileEncoding = 4; lastKnownFileType = sourcecode.c.objc; name = ZSLineView.m; path = Classes/ZSLineView.m; sourceTree = "<group>"; };
		8D1107310486CEB800E47090 /* ZSImageView-Info.plist */ = {isa = PBXFileReference; fileEncoding = 4; lastKnownFileType = text.plist.xml; path = "ZSImageView-Info.plist"; plistStructureDefinitionIdentifier = "com.apple.xcode.plist.structure-definition.iphone.info-plist"; sourceTree = "<group>"; };
/* End PBXFileReference section */

/* Begin PBXFrameworksBuildPhase section */
		1D60588F0D05DD3D006BFB54 /* Frameworks */ = {
			isa = PBXFrameworksBuildPhase;
			buildActionMask = 2147483647;
			files = (
				1D60589F0D05DD5A006BFB54 /* Foundation.framework in Frameworks */,
				1DF5F4E00D08C38300B7A737 /* UIKit.framework in Frameworks */,
				2892E4100DC94CBA00A64D0F /* CoreGraphics.framework in Frameworks */,
				23D00E9B1405EF94002CFD00 /* QuartzCore.framework in Frameworks */,
			);
			runOnlyForDeploymentPostprocessing = 0;
		};
/* End PBXFrameworksBuildPhase section */

/* Begin PBXGroup section */
		080E96DDFE201D6D7F000001 /* Classes */ = {
			isa = PBXGroup;
			children = (
				23DDF0B814081FDF004790D4 /* Objects */,
				23DDF0B414081F7C004790D4 /* Views */,
				28C286DF0D94DF7D0034E888 /* RootViewController.h */,
				28C286E00D94DF7D0034E888 /* RootViewController.m */,
				1D3623240D0F684500981E51 /* ZSImageViewAppDelegate.h */,
				1D3623250D0F684500981E51 /* ZSImageViewAppDelegate.m */,
			);
			path = Classes;
			sourceTree = "<group>";
		};
		19C28FACFE9D520D11CA2CBB /* Products */ = {
			isa = PBXGroup;
			children = (
				1D6058910D05DD3D006BFB54 /* ZSImageView.app */,
			);
			name = Products;
			sourceTree = "<group>";
		};
		23D00E8C1405EF23002CFD00 /* ZSImageView */ = {
			isa = PBXGroup;
			children = (
				45F193D714166F46009BAC65 /* JMImageCache.h */,
				45F193D814166F46009BAC65 /* JMImageCache.m */,
				45F193D914166F46009BAC65 /* ZSImageView.h */,
				45F193DA14166F46009BAC65 /* ZSImageView.m */,
				45F193DB14166F46009BAC65 /* ZSLineView.h */,
				45F193DC14166F46009BAC65 /* ZSLineView.m */,
			);
			name = ZSImageView;
			sourceTree = "<group>";
		};
		23DDF0B414081F7C004790D4 /* Views */ = {
			isa = PBXGroup;
			children = (
				23DDF0B514081F8D004790D4 /* TableViewStandard.h */,
				23DDF0B614081F8D004790D4 /* TableViewStandard.m */,
				23DDF0C614082219004790D4 /* TableViewGrouped.h */,
				23DDF0C714082219004790D4 /* TableViewGrouped.m */,
				23DDF15A14082AA2004790D4 /* Simple.h */,
				23DDF15B14082AA2004790D4 /* Simple.m */,
				2399274A1413BE63007FEE36 /* Rounded.h */,
				2399274B1413BE63007FEE36 /* Rounded.m */,
				234DD7751415A13100319124 /* Border.h */,
				234DD7761415A13100319124 /* Border.m */,
				234DD7A41415A90F00319124 /* BorderRounded.h */,
				234DD7A51415A90F00319124 /* BorderRounded.m */,
			);
			name = Views;
			sourceTree = "<group>";
		};
		23DDF0B814081FDF004790D4 /* Objects */ = {
			isa = PBXGroup;
			children = (
				23DDF0B914081FED004790D4 /* Item.h */,
				23DDF0BA14081FED004790D4 /* Item.m */,
			);
			name = Objects;
			sourceTree = "<group>";
		};
		29B97314FDCFA39411CA2CEA /* CustomTemplate */ = {
			isa = PBXGroup;
			children = (
				23D00E8C1405EF23002CFD00 /* ZSImageView */,
				080E96DDFE201D6D7F000001 /* Classes */,
				29B97315FDCFA39411CA2CEA /* Other Sources */,
				29B97317FDCFA39411CA2CEA /* Resources */,
				29B97323FDCFA39411CA2CEA /* Frameworks */,
				19C28FACFE9D520D11CA2CBB /* Products */,
			);
			name = CustomTemplate;
			sourceTree = "<group>";
		};
		29B97315FDCFA39411CA2CEA /* Other Sources */ = {
			isa = PBXGroup;
			children = (
				28A0AAE50D9B0CCF005BE974 /* ZSImageView_Prefix.pch */,
				29B97316FDCFA39411CA2CEA /* main.m */,
			);
			name = "Other Sources";
			sourceTree = "<group>";
		};
		29B97317FDCFA39411CA2CEA /* Resources */ = {
			isa = PBXGroup;
			children = (
				23DDF12214082456004790D4 /* no-image@2x.png */,
				23DDF12314082456004790D4 /* no-image.png */,
				28F335F01007B36200424DE2 /* RootViewController.xib */,
				28AD735F0D9D9599002E5188 /* MainWindow.xib */,
				8D1107310486CEB800E47090 /* ZSImageView-Info.plist */,
			);
			name = Resources;
			sourceTree = "<group>";
		};
		29B97323FDCFA39411CA2CEA /* Frameworks */ = {
			isa = PBXGroup;
			children = (
				1DF5F4DF0D08C38300B7A737 /* UIKit.framework */,
				1D30AB110D05D00D00671497 /* Foundation.framework */,
				2892E40F0DC94CBA00A64D0F /* CoreGraphics.framework */,
				23D00E9A1405EF94002CFD00 /* QuartzCore.framework */,
			);
			name = Frameworks;
			sourceTree = "<group>";
		};
/* End PBXGroup section */

/* Begin PBXNativeTarget section */
		1D6058900D05DD3D006BFB54 /* ZSImageView */ = {
			isa = PBXNativeTarget;
			buildConfigurationList = 1D6058960D05DD3E006BFB54 /* Build configuration list for PBXNativeTarget "ZSImageView" */;
			buildPhases = (
				1D60588D0D05DD3D006BFB54 /* Resources */,
				1D60588E0D05DD3D006BFB54 /* Sources */,
				1D60588F0D05DD3D006BFB54 /* Frameworks */,
			);
			buildRules = (
			);
			dependencies = (
			);
			name = ZSImageView;
			productName = ZSImageView;
			productReference = 1D6058910D05DD3D006BFB54 /* ZSImageView.app */;
			productType = "com.apple.product-type.application";
		};
/* End PBXNativeTarget section */

/* Begin PBXProject section */
		29B97313FDCFA39411CA2CEA /* Project object */ = {
			isa = PBXProject;
			buildConfigurationList = C01FCF4E08A954540054247B /* Build configuration list for PBXProject "ZSImageView" */;
			compatibilityVersion = "Xcode 3.2";
			developmentRegion = English;
			hasScannedForEncodings = 1;
			knownRegions = (
				English,
				Japanese,
				French,
				German,
				en,
			);
			mainGroup = 29B97314FDCFA39411CA2CEA /* CustomTemplate */;
			projectDirPath = "";
			projectRoot = "";
			targets = (
				1D6058900D05DD3D006BFB54 /* ZSImageView */,
			);
		};
/* End PBXProject section */

/* Begin PBXResourcesBuildPhase section */
		1D60588D0D05DD3D006BFB54 /* Resources */ = {
			isa = PBXResourcesBuildPhase;
			buildActionMask = 2147483647;
			files = (
				28AD73600D9D9599002E5188 /* MainWindow.xib in Resources */,
				28F335F11007B36200424DE2 /* RootViewController.xib in Resources */,
				23DDF12414082456004790D4 /* no-image@2x.png in Resources */,
				23DDF12514082456004790D4 /* no-image.png in Resources */,
			);
			runOnlyForDeploymentPostprocessing = 0;
		};
/* End PBXResourcesBuildPhase section */

/* Begin PBXSourcesBuildPhase section */
		1D60588E0D05DD3D006BFB54 /* Sources */ = {
			isa = PBXSourcesBuildPhase;
			buildActionMask = 2147483647;
			files = (
				1D60589B0D05DD56006BFB54 /* main.m in Sources */,
				1D3623260D0F684500981E51 /* ZSImageViewAppDelegate.m in Sources */,
				28C286E10D94DF7D0034E888 /* RootViewController.m in Sources */,
				23DDF0B714081F8D004790D4 /* TableViewStandard.m in Sources */,
				23DDF0BB14081FED004790D4 /* Item.m in Sources */,
				23DDF0C814082219004790D4 /* TableViewGrouped.m in Sources */,
				23DDF15C14082AA2004790D4 /* Simple.m in Sources */,
				2399274C1413BE63007FEE36 /* Rounded.m in Sources */,
				234DD7771415A13100319124 /* Border.m in Sources */,
				234DD7A61415A90F00319124 /* BorderRounded.m in Sources */,
				45F193DD14166F46009BAC65 /* JMImageCache.m in Sources */,
				45F193DE14166F46009BAC65 /* ZSImageView.m in Sources */,
				45F193DF14166F46009BAC65 /* ZSLineView.m in Sources */,
			);
			runOnlyForDeploymentPostprocessing = 0;
		};
/* End PBXSourcesBuildPhase section */

/* Begin XCBuildConfiguration section */
		1D6058940D05DD3E006BFB54 /* Debug */ = {
			isa = XCBuildConfiguration;
			buildSettings = {
				ALWAYS_SEARCH_USER_PATHS = NO;
				COPY_PHASE_STRIP = NO;
				GCC_DYNAMIC_NO_PIC = NO;
				GCC_OPTIMIZATION_LEVEL = 0;
				GCC_PRECOMPILE_PREFIX_HEADER = YES;
				GCC_PREFIX_HEADER = ZSImageView_Prefix.pch;
				INFOPLIST_FILE = "ZSImageView-Info.plist";
				PRODUCT_NAME = ZSImageView;
			};
			name = Debug;
		};
		1D6058950D05DD3E006BFB54 /* Release */ = {
			isa = XCBuildConfiguration;
			buildSettings = {
				ALWAYS_SEARCH_USER_PATHS = NO;
				COPY_PHASE_STRIP = YES;
				GCC_PRECOMPILE_PREFIX_HEADER = YES;
				GCC_PREFIX_HEADER = ZSImageView_Prefix.pch;
				INFOPLIST_FILE = "ZSImageView-Info.plist";
				PRODUCT_NAME = ZSImageView;
				VALIDATE_PRODUCT = YES;
			};
			name = Release;
		};
		C01FCF4F08A954540054247B /* Debug */ = {
			isa = XCBuildConfiguration;
			buildSettings = {
				ARCHS = "$(ARCHS_STANDARD_32_BIT)";
				"CODE_SIGN_IDENTITY[sdk=iphoneos*]" = "iPhone Developer";
				GCC_C_LANGUAGE_STANDARD = c99;
				GCC_WARN_ABOUT_RETURN_TYPE = YES;
				GCC_WARN_UNUSED_VARIABLE = YES;
				PREBINDING = NO;
				SDKROOT = iphoneos;
			};
			name = Debug;
		};
		C01FCF5008A954540054247B /* Release */ = {
			isa = XCBuildConfiguration;
			buildSettings = {
				ARCHS = "$(ARCHS_STANDARD_32_BIT)";
				"CODE_SIGN_IDENTITY[sdk=iphoneos*]" = "iPhone Developer";
				GCC_C_LANGUAGE_STANDARD = c99;
				GCC_WARN_ABOUT_RETURN_TYPE = YES;
				GCC_WARN_UNUSED_VARIABLE = YES;
				OTHER_CFLAGS = "-DNS_BLOCK_ASSERTIONS=1";
				PREBINDING = NO;
				SDKROOT = iphoneos;
			};
			name = Release;
		};
/* End XCBuildConfiguration section */

/* Begin XCConfigurationList section */
		1D6058960D05DD3E006BFB54 /* Build configuration list for PBXNativeTarget "ZSImageView" */ = {
			isa = XCConfigurationList;
			buildConfigurations = (
				1D6058940D05DD3E006BFB54 /* Debug */,
				1D6058950D05DD3E006BFB54 /* Release */,
			);
			defaultConfigurationIsVisible = 0;
			defaultConfigurationName = Release;
		};
		C01FCF4E08A954540054247B /* Build configuration list for PBXProject "ZSImageView" */ = {
			isa = XCConfigurationList;
			buildConfigurations = (
				C01FCF4F08A954540054247B /* Debug */,
				C01FCF5008A954540054247B /* Release */,
			);
			defaultConfigurationIsVisible = 0;
			defaultConfigurationName = Release;
		};
/* End XCConfigurationList section */
	};
	rootObject = 29B97313FDCFA39411CA2CEA /* Project object */;
}
